Microsoft Visual Studio Solution File, Format Version 11.00
# Visual Studio 2008

Project("{F5891EB6-3C5D-ED14-46F2-F13A9E30ADEF}") = "Project Transkomayto", "Assembly-CSharp.csproj", "{EDA91766-E782-C149-DF60-94E1D1EBCC12}"
EndProject
Global
	GlobalSection(SolutionConfigurationPlatforms) = preSolution
		Debug|Any CPU = Debug|Any CPU
		Release|Any CPU = Release|Any CPU
	EndGlobalSection
	GlobalSection(ProjectConfigurationPlatforms) = postSolution
		{EDA91766-E782-C149-DF60-94E1D1EBCC12}.Debug|Any CPU.ActiveCfg = Debug|Any CPU
		{EDA91766-E782-C149-DF60-94E1D1EBCC12}.Debug|Any CPU.Build.0 = Debug|Any CPU
		{EDA91766-E782-C149-DF60-94E1D1EBCC12}.Release|Any CPU.ActiveCfg = Release|Any CPU
		{EDA91766-E782-C149-DF60-94E1D1EBCC12}.Release|Any CPU.Build.0 = Release|Any CPU
	EndGlobalSection
	GlobalSection(SolutionProperties) = preSolution
		HideSolutionNode = FALSE
	EndGlobalSection
	GlobalSection(MonoDevelopProperties) = preSolution
		StartupItem = Assembly-CSharp.csproj
	EndGlobalSection
EndGlobal
